
Microsoft Visual Studio Solution File, Format Version 12.00
# Visual Studio Version 16
VisualStudioVersion = 16.0.29519.181
MinimumVisualStudioVersion = 10.0.40219.1
Project("{FAE04EC0-301F-11D3-BF4B-00C04F79EFBC}") = "Microservice", "Microservice.csproj", "{E2878BDB-501E-4A79-AE3D-1AE023E6DBB0}"
EndProject
Global
	GlobalSection(SolutionConfigurationPlatforms) = preSolution
		Debug|Any CPU = Debug|Any CPU
		Release|Any CPU = Release|Any CPU
	EndGlobalSection
	GlobalSection(ProjectConfigurationPlatforms) = postSolution
		{E2878BDB-501E-4A79-AE3D-1AE023E6DBB0}.Debug|Any CPU.ActiveCfg = Debug|Any CPU
		{E2878BDB-501E-4A79-AE3D-1AE023E6DBB0}.Debug|Any CPU.Build.0 = Debug|Any CPU
		{E2878BDB-501E-4A79-AE3D-1AE023E6DBB0}.Release|Any CPU.ActiveCfg = Release|Any CPU
		{E2878BDB-501E-4A79-AE3D-1AE023E6DBB0}.Release|Any CPU.Build.0 = Release|Any CPU
	EndGlobalSection
	GlobalSection(SolutionProperties) = preSolution
		HideSolutionNode = FALSE
	EndGlobalSection
	GlobalSection(ExtensibilityGlobals) = postSolution
		SolutionGuid = {23A250A9-907D-4DE1-AB96-20471E50FF17}
	EndGlobalSection
EndGlobal
